
Microsoft Visual Studio Solution File, Format Version 12.00
# Visual Studio Version 16
VisualStudioVersion = 16.0.31112.23
MinimumVisualStudioVersion = 10.0.40219.1
Project("{FAE04EC0-301F-11D3-BF4B-00C04F79EFBC}") = "Persontoken", "Persontoken\Persontoken.csproj", "{015B0366-18D7-465B-BB4C-3CEA4129A662}"
EndProject
Project("{FAE04EC0-301F-11D3-BF4B-00C04F79EFBC}") = "WebPersontoken", "WebPersontoken\WebPersontoken.csproj", "{74FF20C0-A6DB-4324-A5E5-6B34B66675FB}"
EndProject
Global
	GlobalSection(SolutionConfigurationPlatforms) = preSolution
		Debug|Any CPU = Debug|Any CPU
		Release|Any CPU = Release|Any CPU
	EndGlobalSection
	GlobalSection(ProjectConfigurationPlatforms) = postSolution
		{015B0366-18D7-465B-BB4C-3CEA4129A662}.Debug|Any CPU.ActiveCfg = Debug|Any CPU
		{015B0366-18D7-465B-BB4C-3CEA4129A662}.Debug|Any CPU.Build.0 = Debug|Any CPU
		{015B0366-18D7-465B-BB4C-3CEA4129A662}.Release|Any CPU.ActiveCfg = Release|Any CPU
		{015B0366-18D7-465B-BB4C-3CEA4129A662}.Release|Any CPU.Build.0 = Release|Any CPU
		{74FF20C0-A6DB-4324-A5E5-6B34B66675FB}.Debug|Any CPU.ActiveCfg = Debug|Any CPU
		{74FF20C0-A6DB-4324-A5E5-6B34B66675FB}.Debug|Any CPU.Build.0 = Debug|Any CPU
		{74FF20C0-A6DB-4324-A5E5-6B34B66675FB}.Release|Any CPU.ActiveCfg = Release|Any CPU
		{74FF20C0-A6DB-4324-A5E5-6B34B66675FB}.Release|Any CPU.Build.0 = Release|Any CPU
	EndGlobalSection
	GlobalSection(SolutionProperties) = preSolution
		HideSolutionNode = FALSE
	EndGlobalSection
	GlobalSection(ExtensibilityGlobals) = postSolution
		SolutionGuid = {04C06F6B-698A-4F80-A15A-DD80AAA48CCA}
	EndGlobalSection
EndGlobal
